
Microsoft Visual Studio Solution File, Format Version 12.00
# Visual Studio 15
VisualStudioVersion = 15.0.28307.136
MinimumVisualStudioVersion = 10.0.40219.1
Project("{FAE04EC0-301F-11D3-BF4B-00C04F79EFBC}") = "App4.Android", "App4\App4.Android\App4.Android.csproj", "{D94F886B-02A6-4730-9E95-6BF97B4CF629}"
EndProject
Project("{FAE04EC0-301F-11D3-BF4B-00C04F79EFBC}") = "App4.iOS", "App4\App4.iOS\App4.iOS.csproj", "{2F7E6A7D-1130-4D40-8684-CF1458C2D3D2}"
EndProject
Project("{FAE04EC0-301F-11D3-BF4B-00C04F79EFBC}") = "App4.UWP", "App4\App4.UWP\App4.UWP.csproj", "{98FC9A18-1E54-4846-A683-BE13BFC50632}"
EndProject
Project("{FAE04EC0-301F-11D3-BF4B-00C04F79EFBC}") = "App4", "App4\App4\App4.csproj", "{53B7D476-9011-4617-BEB6-521574D13A42}"
EndProject
Global
	GlobalSection(SolutionConfigurationPlatforms) = preSolution
		Ad-Hoc|Any CPU = Ad-Hoc|Any CPU
		Ad-Hoc|ARM = Ad-Hoc|ARM
		Ad-Hoc|iPhone = Ad-Hoc|iPhone
		Ad-Hoc|iPhoneSimulator = Ad-Hoc|iPhoneSimulator
		Ad-Hoc|x64 = Ad-Hoc|x64
		Ad-Hoc|x86 = Ad-Hoc|x86
		AppStore|Any CPU = AppStore|Any CPU
		AppStore|ARM = AppStore|ARM
		AppStore|iPhone = AppStore|iPhone
		AppStore|iPhoneSimulator = AppStore|iPhoneSimulator
		AppStore|x64 = AppStore|x64
		AppStore|x86 = AppStore|x86
		Debug|Any CPU = Debug|Any CPU
		Debug|ARM = Debug|ARM
		Debug|iPhone = Debug|iPhone
		Debug|iPhoneSimulator = Debug|iPhoneSimulator
		Debug|x64 = Debug|x64
		Debug|x86 = Debug|x86
		Release|Any CPU = Release|Any CPU
		Release|ARM = Release|ARM
		Release|iPhone = Release|iPhone
		Release|iPhoneSimulator = Release|iPhoneSimulator
		Release|x64 = Release|x64
		Release|x86 = Release|x86
	EndGlobalSection
	GlobalSection(ProjectConfigurationPlatforms) = postSolution
		{D94F886B-02A6-4730-9E95-6BF97B4CF629}.Ad-Hoc|Any CPU.ActiveCfg = Release|Any CPU
		{D94F886B-02A6-4730-9E95-6BF97B4CF629}.Ad-Hoc|Any CPU.Build.0 = Release|Any CPU
		{D94F886B-02A6-4730-9E95-6BF97B4CF629}.Ad-Hoc|Any CPU.Deploy.0 = Release|Any CPU
		{D94F886B-02A6-4730-9E95-6BF97B4CF629}.Ad-Hoc|ARM.ActiveCfg = Release|Any CPU
		{D94F886B-02A6-4730-9E95-6BF97B4CF629}.Ad-Hoc|ARM.Build.0 = Release|Any CPU
		{D94F886B-02A6-4730-9E95-6BF97B4CF629}.Ad-Hoc|ARM.Deploy.0 = Release|Any CPU
		{D94F886B-02A6-4730-9E95-6BF97B4CF629}.Ad-Hoc|iPhone.ActiveCfg = Release|Any CPU
		{D94F886B-02A6-4730-9E95-6BF97B4CF629}.Ad-Hoc|iPhone.Build.0 = Release|Any CPU
		{D94F886B-02A6-4730-9E95-6BF97B4CF629}.Ad-Hoc|iPhone.Deploy.0 = Release|Any CPU
		{D94F886B-02A6-4730-9E95-6BF97B4CF629}.Ad-Hoc|iPhoneSimulator.ActiveCfg = Release|Any CPU
		{D94F886B-02A6-4730-9E95-6BF97B4CF629}.Ad-Hoc|iPhoneSimulator.Build.0 = Release|Any CPU
		{D94F886B-02A6-4730-9E95-6BF97B4CF629}.Ad-Hoc|iPhoneSimulator.Deploy.0 = Release|Any CPU
		{D94F886B-02A6-4730-9E95-6BF97B4CF629}.Ad-Hoc|x64.ActiveCfg = Release|Any CPU
		{D94F886B-02A6-4730-9E95-6BF97B4CF629}.Ad-Hoc|x64.Build.0 = Release|Any CPU
		{D94F886B-02A6-4730-9E95-6BF97B4CF629}.Ad-Hoc|x64.Deploy.0 = Release|Any CPU
		{D94F886B-02A6-4730-9E95-6BF97B4CF629}.Ad-Hoc|x86.ActiveCfg = Release|Any CPU
		{D94F886B-02A6-4730-9E95-6BF97B4CF629}.Ad-Hoc|x86.Build.0 = Release|Any CPU
		{D94F886B-02A6-4730-9E95-6BF97B4CF629}.Ad-Hoc|x86.Deploy.0 = Release|Any CPU
		{D94F886B-02A6-4730-9E95-6BF97B4CF629}.AppStore|Any CPU.ActiveCfg = Release|Any CPU
		{D94F886B-02A6-4730-9E95-6BF97B4CF629}.AppStore|Any CPU.Build.0 = Release|Any CPU
		{D94F886B-02A6-4730-9E95-6BF97B4CF629}.AppStore|Any CPU.Deploy.0 = Release|Any CPU
		{D94F886B-02A6-4730-9E95-6BF97B4CF629}.AppStore|ARM.ActiveCfg = Release|Any CPU
		{D94F886B-02A6-4730-9E95-6BF97B4CF629}.AppStore|ARM.Build.0 = Release|Any CPU
		{D94F886B-02A6-4730-9E95-6BF97B4CF629}.AppStore|ARM.Deploy.0 = Release|Any CPU
		{D94F886B-02A6-4730-9E95-6BF97B4CF629}.AppStore|iPhone.ActiveCfg = Release|Any CPU
		{D94F886B-02A6-4730-9E95-6BF97B4CF629}.AppStore|iPhone.Build.0 = Release|Any CPU
		{D94F886B-02A6-4730-9E95-6BF97B4CF629}.AppStore|iPhone.Deploy.0 = Release|Any CPU
		{D94F886B-02A6-4730-9E95-6BF97B4CF629}.AppStore|iPhoneSimulator.ActiveCfg = Release|Any CPU
		{D94F886B-02A6-4730-9E95-6BF97B4CF629}.AppStore|iPhoneSimulator.Build.0 = Release|Any CPU
		{D94F886B-02A6-4730-9E95-6BF97B4CF629}.AppStore|iPhoneSimulator.Deploy.0 = Release|Any CPU
		{D94F886B-02A6-4730-9E95-6BF97B4CF629}.AppStore|x64.ActiveCfg = Release|Any CPU
		{D94F886B-02A6-4730-9E95-6BF97B4CF629}.AppStore|x64.Build.0 = Release|Any CPU
		{D94F886B-02A6-4730-9E95-6BF97B4CF629}.AppStore|x64.Deploy.0 = Release|Any CPU
		{D94F886B-02A6-4730-9E95-6BF97B4CF629}.AppStore|x86.ActiveCfg = Release|Any CPU
		{D94F886B-02A6-4730-9E95-6BF97B4CF629}.AppStore|x86.Build.0 = Release|Any CPU
		{D94F886B-02A6-4730-9E95-6BF97B4CF629}.AppStore|x86.Deploy.0 = Release|Any CPU
		{D94F886B-02A6-4730-9E95-6BF97B4CF629}.Debug|Any CPU.ActiveCfg = Debug|Any CPU
		{D94F886B-02A6-4730-9E95-6BF97B4CF629}.Debug|Any CPU.Build.0 = Debug|Any CPU
		{D94F886B-02A6-4730-9E95-6BF97B4CF629}.Debug|Any CPU.Deploy.0 = Debug|Any CPU
		{D94F886B-02A6-4730-9E95-6BF97B4CF629}.Debug|ARM.ActiveCfg = Debug|Any CPU
		{D94F886B-02A6-4730-9E95-6BF97B4CF629}.Debug|ARM.Build.0 = Debug|Any CPU
		{D94F886B-02A6-4730-9E95-6BF97B4CF629}.Debug|ARM.Deploy.0 = Debug|Any CPU
		{D94F886B-02A6-4730-9E95-6BF97B4CF629}.Debug|iPhone.ActiveCfg = Debug|Any CPU
		{D94F886B-02A6-4730-9E95-6BF97B4CF629}.Debug|iPhone.Build.0 = Debug|Any CPU
		{D94F886B-02A6-4730-9E95-6BF97B4CF629}.Debug|iPhone.Deploy.0 = Debug|Any CPU
		{D94F886B-02A6-4730-9E95-6BF97B4CF629}.Debug|iPhoneSimulator.ActiveCfg = Debug|Any CPU
		{D94F886B-02A6-4730-9E95-6BF97B4CF629}.Debug|iPhoneSimulator.Build.0 = Debug|Any CPU
		{D94F886B-02A6-4730-9E95-6BF97B4CF629}.Debug|iPhoneSimulator.Deploy.0 = Debug|Any CPU
		{D94F886B-02A6-4730-9E95-6BF97B4CF629}.Debug|x64.ActiveCfg = Debug|Any CPU
		{D94F886B-02A6-4730-9E95-6BF97B4CF629}.Debug|x64.Build.0 = Debug|Any CPU
		{D94F886B-02A6-4730-9E95-6BF97B4CF629}.Debug|x64.Deploy.0 = Debug|Any CPU
		{D94F886B-02A6-4730-9E95-6BF97B4CF629}.Debug|x86.ActiveCfg = Debug|Any CPU
		{D94F886B-02A6-4730-9E95-6BF97B4CF629}.Debug|x86.Build.0 = Debug|Any CPU
		{D94F886B-02A6-4730-9E95-6BF97B4CF629}.Debug|x86.Deploy.0 = Debug|Any CPU
		{D94F886B-02A6-4730-9E95-6BF97B4CF629}.Release|Any CPU.ActiveCfg = Release|Any CPU
		{D94F886B-02A6-4730-9E95-6BF97B4CF629}.Release|Any CPU.Build.0 = Release|Any CPU
		{D94F886B-02A6-4730-9E95-6BF97B4CF629}.Release|Any CPU.Deploy.0 = Release|Any CPU
		{D94F886B-02A6-4730-9E95-6BF97B4CF629}.Release|ARM.ActiveCfg = Release|Any CPU
		{D94F886B-02A6-4730-9E95-6BF97B4CF629}.Release|ARM.Build.0 = Release|Any CPU
		{D94F886B-02A6-4730-9E95-6BF97B4CF629}.Release|ARM.Deploy.0 = Release|Any CPU
		{D94F886B-02A6-4730-9E95-6BF97B4CF629}.Release|iPhone.ActiveCfg = Release|Any CPU
		{D94F886B-02A6-4730-9E95-6BF97B4CF629}.Release|iPhone.Build.0 = Release|Any CPU
		{D94F886B-02A6-4730-9E95-6BF97B4CF629}.Release|iPhone.Deploy.0 = Release|Any CPU
		{D94F886B-02A6-4730-9E95-6BF97B4CF629}.Release|iPhoneSimulator.ActiveCfg = Release|Any CPU
		{D94F886B-02A6-4730-9E95-6BF97B4CF629}.Release|iPhoneSimulator.Build.0 = Release|Any CPU
		{D94F886B-02A6-4730-9E95-6BF97B4CF629}.Release|iPhoneSimulator.Deploy.0 = Release|Any CPU
		{D94F886B-02A6-4730-9E95-6BF97B4CF629}.Release|x64.ActiveCfg = Release|Any CPU
		{D94F886B-02A6-4730-9E95-6BF97B4CF629}.Release|x64.Build.0 = Release|Any CPU
		{D94F886B-02A6-4730-9E95-6BF97B4CF629}.Release|x64.Deploy.0 = Release|Any CPU
		{D94F886B-02A6-4730-9E95-6BF97B4CF629}.Release|x86.ActiveCfg = Release|Any CPU
		{D94F886B-02A6-4730-9E95-6BF97B4CF629}.Release|x86.Build.0 = Release|Any CPU
		{D94F886B-02A6-4730-9E95-6BF97B4CF629}.Release|x86.Deploy.0 = Release|Any CPU
		{2F7E6A7D-1130-4D40-8684-CF1458C2D3D2}.Ad-Hoc|Any CPU.ActiveCfg = Ad-Hoc|iPhone
		{2F7E6A7D-1130-4D40-8684-CF1458C2D3D2}.Ad-Hoc|Any CPU.Build.0 = Ad-Hoc|iPhone
		{2F7E6A7D-1130-4D40-8684-CF1458C2D3D2}.Ad-Hoc|Any CPU.Deploy.0 = Ad-Hoc|iPhone
		{2F7E6A7D-1130-4D40-8684-CF1458C2D3D2}.Ad-Hoc|ARM.ActiveCfg = Ad-Hoc|iPhone
		{2F7E6A7D-1130-4D40-8684-CF1458C2D3D2}.Ad-Hoc|ARM.Build.0 = Ad-Hoc|iPhone
		{2F7E6A7D-1130-4D40-8684-CF1458C2D3D2}.Ad-Hoc|ARM.Deploy.0 = Ad-Hoc|iPhone
		{2F7E6A7D-1130-4D40-8684-CF1458C2D3D2}.Ad-Hoc|iPhone.ActiveCfg = Ad-Hoc|iPhone
		{2F7E6A7D-1130-4D40-8684-CF1458C2D3D2}.Ad-Hoc|iPhone.Build.0 = Ad-Hoc|iPhone
		{2F7E6A7D-1130-4D40-8684-CF1458C2D3D2}.Ad-Hoc|iPhone.Deploy.0 = Ad-Hoc|iPhone
		{2F7E6A7D-1130-4D40-8684-CF1458C2D3D2}.Ad-Hoc|iPhoneSimulator.ActiveCfg = Ad-Hoc|iPhoneSimulator
		{2F7E6A7D-1130-4D40-8684-CF1458C2D3D2}.Ad-Hoc|iPhoneSimulator.Build.0 = Ad-Hoc|iPhoneSimulator
		{2F7E6A7D-1130-4D40-8684-CF1458C2D3D2}.Ad-Hoc|iPhoneSimulator.Deploy.0 = Ad-Hoc|iPhoneSimulator
		{2F7E6A7D-1130-4D40-8684-CF1458C2D3D2}.Ad-Hoc|x64.ActiveCfg = Ad-Hoc|iPhone
		{2F7E6A7D-1130-4D40-8684-CF1458C2D3D2}.Ad-Hoc|x64.Build.0 = Ad-Hoc|iPhone
		{2F7E6A7D-1130-4D40-8684-CF1458C2D3D2}.Ad-Hoc|x64.Deploy.0 = Ad-Hoc|iPhone
		{2F7E6A7D-1130-4D40-8684-CF1458C2D3D2}.Ad-Hoc|x86.ActiveCfg = Ad-Hoc|iPhone
		{2F7E6A7D-1130-4D40-8684-CF1458C2D3D2}.Ad-Hoc|x86.Build.0 = Ad-Hoc|iPhone
		{2F7E6A7D-1130-4D40-8684-CF1458C2D3D2}.Ad-Hoc|x86.Deploy.0 = Ad-Hoc|iPhone
		{2F7E6A7D-1130-4D40-8684-CF1458C2D3D2}.AppStore|Any CPU.ActiveCfg = AppStore|iPhone
		{2F7E6A7D-1130-4D40-8684-CF1458C2D3D2}.AppStore|Any CPU.Build.0 = AppStore|iPhone
		{2F7E6A7D-1130-4D40-8684-CF1458C2D3D2}.AppStore|Any CPU.Deploy.0 = AppStore|iPhone
		{2F7E6A7D-1130-4D40-8684-CF1458C2D3D2}.AppStore|ARM.ActiveCfg = AppStore|iPhone
		{2F7E6A7D-1130-4D40-8684-CF1458C2D3D2}.AppStore|ARM.Build.0 = AppStore|iPhone
		{2F7E6A7D-1130-4D40-8684-CF1458C2D3D2}.AppStore|ARM.Deploy.0 = AppStore|iPhone
		{2F7E6A7D-1130-4D40-8684-CF1458C2D3D2}.AppStore|iPhone.ActiveCfg = AppStore|iPhone
		{2F7E6A7D-1130-4D40-8684-CF1458C2D3D2}.AppStore|iPhone.Build.0 = AppStore|iPhone
		{2F7E6A7D-1130-4D40-8684-CF1458C2D3D2}.AppStore|iPhone.Deploy.0 = AppStore|iPhone
		{2F7E6A7D-1130-4D40-8684-CF1458C2D3D2}.AppStore|iPhoneSimulator.ActiveCfg = AppStore|iPhoneSimulator
		{2F7E6A7D-1130-4D40-8684-CF1458C2D3D2}.AppStore|iPhoneSimulator.Build.0 = AppStore|iPhoneSimulator
		{2F7E6A7D-1130-4D40-8684-CF1458C2D3D2}.AppStore|iPhoneSimulator.Deploy.0 = AppStore|iPhoneSimulator
		{2F7E6A7D-1130-4D40-8684-CF1458C2D3D2}.AppStore|x64.ActiveCfg = AppStore|iPhone
		{2F7E6A7D-1130-4D40-8684-CF1458C2D3D2}.AppStore|x64.Build.0 = AppStore|iPhone
		{2F7E6A7D-1130-4D40-8684-CF1458C2D3D2}.AppStore|x64.Deploy.0 = AppStore|iPhone
		{2F7E6A7D-1130-4D40-8684-CF1458C2D3D2}.AppStore|x86.ActiveCfg = AppStore|iPhone
		{2F7E6A7D-1130-4D40-8684-CF1458C2D3D2}.AppStore|x86.Build.0 = AppStore|iPhone
		{2F7E6A7D-1130-4D40-8684-CF1458C2D3D2}.AppStore|x86.Deploy.0 = AppStore|iPhone
		{2F7E6A7D-1130-4D40-8684-CF1458C2D3D2}.Debug|Any CPU.ActiveCfg = Debug|iPhoneSimulator
		{2F7E6A7D-1130-4D40-8684-CF1458C2D3D2}.Debug|Any CPU.Build.0 = Debug|iPhoneSimulator
		{2F7E6A7D-1130-4D40-8684-CF1458C2D3D2}.Debug|Any CPU.Deploy.0 = Debug|iPhoneSimulator
		{2F7E6A7D-1130-4D40-8684-CF1458C2D3D2}.Debug|ARM.ActiveCfg = Debug|iPhone
		{2F7E6A7D-1130-4D40-8684-CF1458C2D3D2}.Debug|ARM.Build.0 = Debug|iPhone
		{2F7E6A7D-1130-4D40-8684-CF1458C2D3D2}.Debug|ARM.Deploy.0 = Debug|iPhone
		{2F7E6A7D-1130-4D40-8684-CF1458C2D3D2}.Debug|iPhone.ActiveCfg = Debug|iPhone
		{2F7E6A7D-1130-4D40-8684-CF1458C2D3D2}.Debug|iPhone.Build.0 = Debug|iPhone
		{2F7E6A7D-1130-4D40-8684-CF1458C2D3D2}.Debug|iPhone.Deploy.0 = Debug|iPhone
		{2F7E6A7D-1130-4D40-8684-CF1458C2D3D2}.Debug|iPhoneSimulator.ActiveCfg = Debug|iPhoneSimulator
		{2F7E6A7D-1130-4D40-8684-CF1458C2D3D2}.Debug|iPhoneSimulator.Build.0 = Debug|iPhoneSimulator
		{2F7E6A7D-1130-4D40-8684-CF1458C2D3D2}.Debug|iPhoneSimulator.Deploy.0 = Debug|iPhoneSimulator
		{2F7E6A7D-1130-4D40-8684-CF1458C2D3D2}.Debug|x64.ActiveCfg = Debug|iPhone
		{2F7E6A7D-1130-4D40-8684-CF1458C2D3D2}.Debug|x64.Build.0 = Debug|iPhone
		{2F7E6A7D-1130-4D40-8684-CF1458C2D3D2}.Debug|x64.Deploy.0 = Debug|iPhone
		{2F7E6A7D-1130-4D40-8684-CF1458C2D3D2}.Debug|x86.ActiveCfg = Debug|iPhone
		{2F7E6A7D-1130-4D40-8684-CF1458C2D3D2}.Debug|x86.Build.0 = Debug|iPhone
		{2F7E6A7D-1130-4D40-8684-CF1458C2D3D2}.Debug|x86.Deploy.0 = Debug|iPhone
		{2F7E6A7D-1130-4D40-8684-CF1458C2D3D2}.Release|Any CPU.ActiveCfg = Release|iPhone
		{2F7E6A7D-1130-4D40-8684-CF1458C2D3D2}.Release|Any CPU.Build.0 = Release|iPhone
		{2F7E6A7D-1130-4D40-8684-CF1458C2D3D2}.Release|Any CPU.Deploy.0 = Release|iPhone
		{2F7E6A7D-1130-4D40-8684-CF1458C2D3D2}.Release|ARM.ActiveCfg = Release|iPhone
		{2F7E6A7D-1130-4D40-8684-CF1458C2D3D2}.Release|ARM.Build.0 = Release|iPhone
		{2F7E6A7D-1130-4D40-8684-CF1458C2D3D2}.Release|ARM.Deploy.0 = Release|iPhone
		{2F7E6A7D-1130-4D40-8684-CF1458C2D3D2}.Release|iPhone.ActiveCfg = Release|iPhone
		{2F7E6A7D-1130-4D40-8684-CF1458C2D3D2}.Release|iPhone.Build.0 = Release|iPhone
		{2F7E6A7D-1130-4D40-8684-CF1458C2D3D2}.Release|iPhone.Deploy.0 = Release|iPhone
		{2F7E6A7D-1130-4D40-8684-CF1458C2D3D2}.Release|iPhoneSimulator.ActiveCfg = Release|iPhoneSimulator
		{2F7E6A7D-1130-4D40-8684-CF1458C2D3D2}.Release|iPhoneSimulator.Build.0 = Release|iPhoneSimulator
		{2F7E6A7D-1130-4D40-8684-CF1458C2D3D2}.Release|iPhoneSimulator.Deploy.0 = Release|iPhoneSimulator
		{2F7E6A7D-1130-4D40-8684-CF1458C2D3D2}.Release|x64.ActiveCfg = Release|iPhone
		{2F7E6A7D-1130-4D40-8684-CF1458C2D3D2}.Release|x64.Build.0 = Release|iPhone
		{2F7E6A7D-1130-4D40-8684-CF1458C2D3D2}.Release|x64.Deploy.0 = Release|iPhone
		{2F7E6A7D-1130-4D40-8684-CF1458C2D3D2}.Release|x86.ActiveCfg = Release|iPhone
		{2F7E6A7D-1130-4D40-8684-CF1458C2D3D2}.Release|x86.Build.0 = Release|iPhone
		{2F7E6A7D-1130-4D40-8684-CF1458C2D3D2}.Release|x86.Deploy.0 = Release|iPhone
		{98FC9A18-1E54-4846-A683-BE13BFC50632}.Ad-Hoc|Any CPU.ActiveCfg = Release|x86
		{98FC9A18-1E54-4846-A683-BE13BFC50632}.Ad-Hoc|Any CPU.Build.0 = Release|x86
		{98FC9A18-1E54-4846-A683-BE13BFC50632}.Ad-Hoc|Any CPU.Deploy.0 = Release|x86
		{98FC9A18-1E54-4846-A683-BE13BFC50632}.Ad-Hoc|ARM.ActiveCfg = Release|ARM
		{98FC9A18-1E54-4846-A683-BE13BFC50632}.Ad-Hoc|ARM.Build.0 = Release|ARM
		{98FC9A18-1E54-4846-A683-BE13BFC50632}.Ad-Hoc|ARM.Deploy.0 = Release|ARM
		{98FC9A18-1E54-4846-A683-BE13BFC50632}.Ad-Hoc|iPhone.ActiveCfg = Release|x86
		{98FC9A18-1E54-4846-A683-BE13BFC50632}.Ad-Hoc|iPhone.Build.0 = Release|x86
		{98FC9A18-1E54-4846-A683-BE13BFC50632}.Ad-Hoc|iPhone.Deploy.0 = Release|x86
		{98FC9A18-1E54-4846-A683-BE13BFC50632}.Ad-Hoc|iPhoneSimulator.ActiveCfg = Release|x86
		{98FC9A18-1E54-4846-A683-BE13BFC50632}.Ad-Hoc|iPhoneSimulator.Build.0 = Release|x86
		{98FC9A18-1E54-4846-A683-BE13BFC50632}.Ad-Hoc|iPhoneSimulator.Deploy.0 = Release|x86
		{98FC9A18-1E54-4846-A683-BE13BFC50632}.Ad-Hoc|x64.ActiveCfg = Release|x64
		{98FC9A18-1E54-4846-A683-BE13BFC50632}.Ad-Hoc|x64.Build.0 = Release|x64
		{98FC9A18-1E54-4846-A683-BE13BFC50632}.Ad-Hoc|x64.Deploy.0 = Release|x64
		{98FC9A18-1E54-4846-A683-BE13BFC50632}.Ad-Hoc|x86.ActiveCfg = Release|x86
		{98FC9A18-1E54-4846-A683-BE13BFC50632}.Ad-Hoc|x86.Build.0 = Release|x86
		{98FC9A18-1E54-4846-A683-BE13BFC50632}.Ad-Hoc|x86.Deploy.0 = Release|x86
		{98FC9A18-1E54-4846-A683-BE13BFC50632}.AppStore|Any CPU.ActiveCfg = Release|x86
		{98FC9A18-1E54-4846-A683-BE13BFC50632}.AppStore|Any CPU.Build.0 = Release|x86
		{98FC9A18-1E54-4846-A683-BE13BFC50632}.AppStore|Any CPU.Deploy.0 = Release|x86
		{98FC9A18-1E54-4846-A683-BE13BFC50632}.AppStore|ARM.ActiveCfg = Release|ARM
		{98FC9A18-1E54-4846-A683-BE13BFC50632}.AppStore|ARM.Build.0 = Release|ARM
		{98FC9A18-1E54-4846-A683-BE13BFC50632}.AppStore|ARM.Deploy.0 = Release|ARM
		{98FC9A18-1E54-4846-A683-BE13BFC50632}.AppStore|iPhone.ActiveCfg = Release|x86
		{98FC9A18-1E54-4846-A683-BE13BFC50632}.AppStore|iPhone.Build.0 = Release|x86
		{98FC9A18-1E54-4846-A683-BE13BFC50632}.AppStore|iPhone.Deploy.0 = Release|x86
		{98FC9A18-1E54-4846-A683-BE13BFC50632}.AppStore|iPhoneSimulator.ActiveCfg = Release|x86
		{98FC9A18-1E54-4846-A683-BE13BFC50632}.AppStore|iPhoneSimulator.Build.0 = Release|x86
		{98FC9A18-1E54-4846-A683-BE13BFC50632}.AppStore|iPhoneSimulator.Deploy.0 = Release|x86
		{98FC9A18-1E54-4846-A683-BE13BFC50632}.AppStore|x64.ActiveCfg = Release|x64
		{98FC9A18-1E54-4846-A683-BE13BFC50632}.AppStore|x64.Build.0 = Release|x64
		{98FC9A18-1E54-4846-A683-BE13BFC50632}.AppStore|x64.Deploy.0 = Release|x64
		{98FC9A18-1E54-4846-A683-BE13BFC50632}.AppStore|x86.ActiveCfg = Release|x86
		{98FC9A18-1E54-4846-A683-BE13BFC50632}.AppStore|x86.Build.0 = Release|x86
		{98FC9A18-1E54-4846-A683-BE13BFC50632}.AppStore|x86.Deploy.0 = Release|x86
		{98FC9A18-1E54-4846-A683-BE13BFC50632}.Debug|Any CPU.ActiveCfg = Debug|x86
		{98FC9A18-1E54-4846-A683-BE13BFC50632}.Debug|Any CPU.Build.0 = Debug|x86
		{98FC9A18-1E54-4846-A683-BE13BFC50632}.Debug|Any CPU.Deploy.0 = Debug|x86
		{98FC9A18-1E54-4846-A683-BE13BFC50632}.Debug|ARM.ActiveCfg = Debug|ARM
		{98FC9A18-1E54-4846-A683-BE13BFC50632}.Debug|ARM.Build.0 = Debug|ARM
		{98FC9A18-1E54-4846-A683-BE13BFC50632}.Debug|ARM.Deploy.0 = Debug|ARM
		{98FC9A18-1E54-4846-A683-BE13BFC50632}.Debug|iPhone.ActiveCfg = Debug|x86
		{98FC9A18-1E54-4846-A683-BE13BFC50632}.Debug|iPhone.Build.0 = Debug|x86
		{98FC9A18-1E54-4846-A683-BE13BFC50632}.Debug|iPhone.Deploy.0 = Debug|x86
		{98FC9A18-1E54-4846-A683-BE13BFC50632}.Debug|iPhoneSimulator.ActiveCfg = Debug|x86
		{98FC9A18-1E54-4846-A683-BE13BFC50632}.Debug|iPhoneSimulator.Build.0 = Debug|x86
		{98FC9A18-1E54-4846-A683-BE13BFC50632}.Debug|iPhoneSimulator.Deploy.0 = Debug|x86
		{98FC9A18-1E54-4846-A683-BE13BFC50632}.Debug|x64.ActiveCfg = Debug|x64
		{98FC9A18-1E54-4846-A683-BE13BFC50632}.Debug|x64.Build.0 = Debug|x64
		{98FC9A18-1E54-4846-A683-BE13BFC50632}.Debug|x64.Deploy.0 = Debug|x64
		{98FC9A18-1E54-4846-A683-BE13BFC50632}.Debug|x86.ActiveCfg = Debug|x86
		{98FC9A18-1E54-4846-A683-BE13BFC50632}.Debug|x86.Build.0 = Debug|x86
		{98FC9A18-1E54-4846-A683-BE13BFC50632}.Debug|x86.Deploy.0 = Debug|x86
		{98FC9A18-1E54-4846-A683-BE13BFC50632}.Release|Any CPU.ActiveCfg = Release|x86
		{98FC9A18-1E54-4846-A683-BE13BFC50632}.Release|Any CPU.Build.0 = Release|x86
		{98FC9A18-1E54-4846-A683-BE13BFC50632}.Release|Any CPU.Deploy.0 = Release|x86
		{98FC9A18-1E54-4846-A683-BE13BFC50632}.Release|ARM.ActiveCfg = Release|ARM
		{98FC9A18-1E54-4846-A683-BE13BFC50632}.Release|ARM.Build.0 = Release|ARM
		{98FC9A18-1E54-4846-A683-BE13BFC50632}.Release|ARM.Deploy.0 = Release|ARM
		{98FC9A18-1E54-4846-A683-BE13BFC50632}.Release|iPhone.ActiveCfg = Release|x86
		{98FC9A18-1E54-4846-A683-BE13BFC50632}.Release|iPhone.Build.0 = Release|x86
		{98FC9A18-1E54-4846-A683-BE13BFC50632}.Release|iPhone.Deploy.0 = Release|x86
		{98FC9A18-1E54-4846-A683-BE13BFC50632}.Release|iPhoneSimulator.ActiveCfg = Release|x86
		{98FC9A18-1E54-4846-A683-BE13BFC50632}.Release|iPhoneSimulator.Build.0 = Release|x86
		{98FC9A18-1E54-4846-A683-BE13BFC50632}.Release|iPhoneSimulator.Deploy.0 = Release|x86
		{98FC9A18-1E54-4846-A683-BE13BFC50632}.Release|x64.ActiveCfg = Release|x64
		{98FC9A18-1E54-4846-A683-BE13BFC50632}.Release|x64.Build.0 = Release|x64
		{98FC9A18-1E54-4846-A683-BE13BFC50632}.Release|x64.Deploy.0 = Release|x64
		{98FC9A18-1E54-4846-A683-BE13BFC50632}.Release|x86.ActiveCfg = Release|x86
		{98FC9A18-1E54-4846-A683-BE13BFC50632}.Release|x86.Build.0 = Release|x86
		{98FC9A18-1E54-4846-A683-BE13BFC50632}.Release|x86.Deploy.0 = Release|x86
		{53B7D476-9011-4617-BEB6-521574D13A42}.Ad-Hoc|Any CPU.ActiveCfg = Debug|Any CPU
		{53B7D476-9011-4617-BEB6-521574D13A42}.Ad-Hoc|Any CPU.Build.0 = Debug|Any CPU
		{53B7D476-9011-4617-BEB6-521574D13A42}.Ad-Hoc|Any CPU.Deploy.0 = Debug|Any CPU
		{53B7D476-9011-4617-BEB6-521574D13A42}.Ad-Hoc|ARM.ActiveCfg = Debug|Any CPU
		{53B7D476-9011-4617-BEB6-521574D13A42}.Ad-Hoc|ARM.Build.0 = Debug|Any CPU
		{53B7D476-9011-4617-BEB6-521574D13A42}.Ad-Hoc|ARM.Deploy.0 = Debug|Any CPU
		{53B7D476-9011-4617-BEB6-521574D13A42}.Ad-Hoc|iPhone.ActiveCfg = Debug|Any CPU
		{53B7D476-9011-4617-BEB6-521574D13A42}.Ad-Hoc|iPhone.Build.0 = Debug|Any CPU
		{53B7D476-9011-4617-BEB6-521574D13A42}.Ad-Hoc|iPhone.Deploy.0 = Debug|Any CPU
		{53B7D476-9011-4617-BEB6-521574D13A42}.Ad-Hoc|iPhoneSimulator.ActiveCfg = Debug|Any CPU
		{53B7D476-9011-4617-BEB6-521574D13A42}.Ad-Hoc|iPhoneSimulator.Build.0 = Debug|Any CPU
		{53B7D476-9011-4617-BEB6-521574D13A42}.Ad-Hoc|iPhoneSimulator.Deploy.0 = Debug|Any CPU
		{53B7D476-9011-4617-BEB6-521574D13A42}.Ad-Hoc|x64.ActiveCfg = Debug|Any CPU
		{53B7D476-9011-4617-BEB6-521574D13A42}.Ad-Hoc|x64.Build.0 = Debug|Any CPU
		{53B7D476-9011-4617-BEB6-521574D13A42}.Ad-Hoc|x64.Deploy.0 = Debug|Any CPU
		{53B7D476-9011-4617-BEB6-521574D13A42}.Ad-Hoc|x86.ActiveCfg = Debug|Any CPU
		{53B7D476-9011-4617-BEB6-521574D13A42}.Ad-Hoc|x86.Build.0 = Debug|Any CPU
		{53B7D476-9011-4617-BEB6-521574D13A42}.Ad-Hoc|x86.Deploy.0 = Debug|Any CPU
		{53B7D476-9011-4617-BEB6-521574D13A42}.AppStore|Any CPU.ActiveCfg = Debug|Any CPU
		{53B7D476-9011-4617-BEB6-521574D13A42}.AppStore|Any CPU.Build.0 = Debug|Any CPU
		{53B7D476-9011-4617-BEB6-521574D13A42}.AppStore|Any CPU.Deploy.0 = Debug|Any CPU
		{53B7D476-9011-4617-BEB6-521574D13A42}.AppStore|ARM.ActiveCfg = Debug|Any CPU
		{53B7D476-9011-4617-BEB6-521574D13A42}.AppStore|ARM.Build.0 = Debug|Any CPU
		{53B7D476-9011-4617-BEB6-521574D13A42}.AppStore|ARM.Deploy.0 = Debug|Any CPU
		{53B7D476-9011-4617-BEB6-521574D13A42}.AppStore|iPhone.ActiveCfg = Debug|Any CPU
		{53B7D476-9011-4617-BEB6-521574D13A42}.AppStore|iPhone.Build.0 = Debug|Any CPU
		{53B7D476-9011-4617-BEB6-521574D13A42}.AppStore|iPhone.Deploy.0 = Debug|Any CPU
		{53B7D476-9011-4617-BEB6-521574D13A42}.AppStore|iPhoneSimulator.ActiveCfg = Debug|Any CPU
		{53B7D476-9011-4617-BEB6-521574D13A42}.AppStore|iPhoneSimulator.Build.0 = Debug|Any CPU
		{53B7D476-9011-4617-BEB6-521574D13A42}.AppStore|iPhoneSimulator.Deploy.0 = Debug|Any CPU
		{53B7D476-9011-4617-BEB6-521574D13A42}.AppStore|x64.ActiveCfg = Debug|Any CPU
		{53B7D476-9011-4617-BEB6-521574D13A42}.AppStore|x64.Build.0 = Debug|Any CPU
		{53B7D476-9011-4617-BEB6-521574D13A42}.AppStore|x64.Deploy.0 = Debug|Any CPU
		{53B7D476-9011-4617-BEB6-521574D13A42}.AppStore|x86.ActiveCfg = Debug|Any CPU
		{53B7D476-9011-4617-BEB6-521574D13A42}.AppStore|x86.Build.0 = Debug|Any CPU
		{53B7D476-9011-4617-BEB6-521574D13A42}.AppStore|x86.Deploy.0 = Debug|Any CPU
		{53B7D476-9011-4617-BEB6-521574D13A42}.Debug|Any CPU.ActiveCfg = Debug|Any CPU
		{53B7D476-9011-4617-BEB6-521574D13A42}.Debug|Any CPU.Build.0 = Debug|Any CPU
		{53B7D476-9011-4617-BEB6-521574D13A42}.Debug|Any CPU.Deploy.0 = Debug|Any CPU
		{53B7D476-9011-4617-BEB6-521574D13A42}.Debug|ARM.ActiveCfg = Debug|Any CPU
		{53B7D476-9011-4617-BEB6-521574D13A42}.Debug|ARM.Build.0 = Debug|Any CPU
		{53B7D476-9011-4617-BEB6-521574D13A42}.Debug|ARM.Deploy.0 = Debug|Any CPU
		{53B7D476-9011-4617-BEB6-521574D13A42}.Debug|iPhone.ActiveCfg = Debug|Any CPU
		{53B7D476-9011-4617-BEB6-521574D13A42}.Debug|iPhone.Build.0 = Debug|Any CPU
		{53B7D476-9011-4617-BEB6-521574D13A42}.Debug|iPhone.Deploy.0 = Debug|Any CPU
		{53B7D476-9011-4617-BEB6-521574D13A42}.Debug|iPhoneSimulator.ActiveCfg = Debug|Any CPU
		{53B7D476-9011-4617-BEB6-521574D13A42}.Debug|iPhoneSimulator.Build.0 = Debug|Any CPU
		{53B7D476-9011-4617-BEB6-521574D13A42}.Debug|iPhoneSimulator.Deploy.0 = Debug|Any CPU
		{53B7D476-9011-4617-BEB6-521574D13A42}.Debug|x64.ActiveCfg = Debug|Any CPU
		{53B7D476-9011-4617-BEB6-521574D13A42}.Debug|x64.Build.0 = Debug|Any CPU
		{53B7D476-9011-4617-BEB6-521574D13A42}.Debug|x64.Deploy.0 = Debug|Any CPU
		{53B7D476-9011-4617-BEB6-521574D13A42}.Debug|x86.ActiveCfg = Debug|Any CPU
		{53B7D476-9011-4617-BEB6-521574D13A42}.Debug|x86.Build.0 = Debug|Any CPU
		{53B7D476-9011-4617-BEB6-521574D13A42}.Debug|x86.Deploy.0 = Debug|Any CPU
		{53B7D476-9011-4617-BEB6-521574D13A42}.Release|Any CPU.ActiveCfg = Release|Any CPU
		{53B7D476-9011-4617-BEB6-521574D13A42}.Release|Any CPU.Build.0 = Release|Any CPU
		{53B7D476-9011-4617-BEB6-521574D13A42}.Release|Any CPU.Deploy.0 = Release|Any CPU
		{53B7D476-9011-4617-BEB6-521574D13A42}.Release|ARM.ActiveCfg = Release|Any CPU
		{53B7D476-9011-4617-BEB6-521574D13A42}.Release|ARM.Build.0 = Release|Any CPU
		{53B7D476-9011-4617-BEB6-521574D13A42}.Release|ARM.Deploy.0 = Release|Any CPU
		{53B7D476-9011-4617-BEB6-521574D13A42}.Release|iPhone.ActiveCfg = Release|Any CPU
		{53B7D476-9011-4617-BEB6-521574D13A42}.Release|iPhone.Build.0 = Release|Any CPU
		{53B7D476-9011-4617-BEB6-521574D13A42}.Release|iPhone.Deploy.0 = Release|Any CPU
		{53B7D476-9011-4617-BEB6-521574D13A42}.Release|iPhoneSimulator.ActiveCfg = Release|Any CPU
		{53B7D476-9011-4617-BEB6-521574D13A42}.Release|iPhoneSimulator.Build.0 = Release|Any CPU
		{53B7D476-9011-4617-BEB6-521574D13A42}.Release|iPhoneSimulator.Deploy.0 = Release|Any CPU
		{53B7D476-9011-4617-BEB6-521574D13A42}.Release|x64.ActiveCfg = Release|Any CPU
		{53B7D476-9011-4617-BEB6-521574D13A42}.Release|x64.Build.0 = Release|Any CPU
		{53B7D476-9011-4617-BEB6-521574D13A42}.Release|x64.Deploy.0 = Release|Any CPU
		{53B7D476-9011-4617-BEB6-521574D13A42}.Release|x86.ActiveCfg = Release|Any CPU
		{53B7D476-9011-4617-BEB6-521574D13A42}.Release|x86.Build.0 = Release|Any CPU
		{53B7D476-9011-4617-BEB6-521574D13A42}.Release|x86.Deploy.0 = Release|Any CPU
	EndGlobalSection
	GlobalSection(SolutionProperties) = preSolution
		HideSolutionNode = FALSE
	EndGlobalSection
	GlobalSection(ExtensibilityGlobals) = postSolution
		SolutionGuid = {7E158AE3-C550-4C4C-8C00-670F4D9D5AF5}
	EndGlobalSection
EndGlobal
